PODS:
  - Alamofire (5.0.5)
  - AlamofireNetworkActivityLogger (3.0.0):
    - Alamofire (~> 5.0.0-rc.2)
  - Nimble (8.1.1)
  - Quick (3.0.0)

DEPENDENCIES:
  - Alamofire
  - AlamofireNetworkActivityLogger
  - Nimble
  - Quick

SPEC REPOS:
  trunk:
    - Alamofire
    - AlamofireNetworkActivityLogger
    - Nimble
    - Quick

SPEC CHECKSUMS:
  Alamofire: df2f8f826963b08b9a870791ad48e07a10090b2e
  AlamofireNetworkActivityLogger: 94e8a7d454a4a9800cef1d0c1d3699754493684b
  Nimble: 5f8a2fb6fa343a7242dfdd9d42f7267419d464b2
  Quick: 6d9559f40647bc4d510103842ef2fdd882d753e2

PODFILE CHECKSUM: 3c7a934e1d4613687c1d404007db443b57496922

COCOAPODS: 1.9.3
